{
    "_meta": {
        "hash": {
            "sha256": "8ce2372d818ba3cd0735e912528fa79a5276e22b95bd8eb6b3023d73048822cb"
        },
        "pipfile-spec": 6,
        "requires": {
            "python_version": "3.8"
        },
        "sources": [
            {
                "name": "pypi",
                "url": "https://pypi.org/simple",
                "verify_ssl": true
            }
        ]
    },
    "default": {},
    "develop": {}
}
